<?xml version="1.0" encoding="utf-8"?>
<Project ToolsVersion="4.0" xmlns="http://schemas.microsoft.com/developer/msbuild/2003">
  <ItemGroup>
    <Filter Include="Sample">
      <UniqueIdentifier>{cdce5e01-bc06-46f7-9ae1-6988546a3262}</UniqueIdentifier>
    </Filter>
  </ItemGroup>
  <ItemGroup>
    <ClCompile Include="any.class.cpp">
      <Filter>Sample</Filter>
    </ClCompile>
    <ClCompile Include="any.hpp.cpp">
      <Filter>Sample</Filter>
    </ClCompile>
    <ClCompile Include="array.class.cpp">
      <Filter>Sample</Filter>
    </ClCompile>
    <ClCompile Include="bad_any_cast.class.cpp">
      <Filter>Sample</Filter>
    </ClCompile>
    <ClCompile Include="bad_cast.class.cpp">
      <Filter>Sample</Filter>
    </ClCompile>
    <ClCompile Include="bit.hpp.cpp">
      <Filter>Sample</Filter>
    </ClCompile>
    <ClCompile Include="bad_typeid.class.cpp">
      <Filter>Sample</Filter>
    </ClCompile>
    <ClCompile Include="bitset.hpp.cpp">
      <Filter>Sample</Filter>
    </ClCompile>
    <ClCompile Include="exception.class.cpp">
      <Filter>Sample</Filter>
    </ClCompile>
    <ClCompile Include="bitset.class.cpp">
      <Filter>Sample</Filter>
    </ClCompile>
    <ClCompile Include="array.hpp.cpp">
      <Filter>Sample</Filter>
    </ClCompile>
    <ClCompile Include="type_info.class.cpp">
      <Filter>Sample</Filter>
    </ClCompile>
    <ClCompile Include="bitset.reference.class.cpp">
      <Filter>Sample</Filter>
    </ClCompile>
    <ClCompile Include="hash.bitset.struct.cpp">
      <Filter>Sample</Filter>
    </ClCompile>
    <ClCompile Include="charconv.hpp.cpp">
      <Filter>Sample</Filter>
    </ClCompile>
    <ClCompile Include="complex.hpp.cpp">
      <Filter>Sample</Filter>
    </ClCompile>
    <ClCompile Include="main.cpp" />
    <ClCompile Include="samplerun.cpp" />
    <ClCompile Include="pch.cpp" />
    <ClCompile Include="complex.class.cpp">
      <Filter>Sample</Filter>
    </ClCompile>
  </ItemGroup>
  <ItemGroup>
    <ClInclude Include="pch.h" />
  </ItemGroup>
</Project>