<?xml version="1.0" encoding="utf-8"?>
<Project ToolsVersion="4.0" xmlns="http://schemas.microsoft.com/developer/msbuild/2003">
  <ItemGroup>
    <Filter Include="ソース ファイル">
      <UniqueIdentifier>{4FC737F1-C7A5-4376-A066-2A32D752A2FF}</UniqueIdentifier>
      <Extensions>cpp;c;cc;cxx;c++;cppm;ixx;def;odl;idl;hpj;bat;asm;asmx</Extensions>
    </Filter>
    <Filter Include="ヘッダー ファイル">
      <UniqueIdentifier>{93995380-89BD-4b04-88EB-625FBE52EBFB}</UniqueIdentifier>
      <Extensions>h;hh;hpp;hxx;h++;hm;inl;inc;ipp;xsd</Extensions>
    </Filter>
  </ItemGroup>
  <ItemGroup>
    <ClInclude Include="pch.h">
      <Filter>ヘッダー ファイル</Filter>
    </ClInclude>
  </ItemGroup>
  <ItemGroup>
    <ClCompile Include="pch.c">
      <Filter>ソース ファイル</Filter>
    </ClCompile>
    <ClCompile Include="stdio.h.c">
      <Filter>ソース ファイル</Filter>
    </ClCompile>
    <ClCompile Include="main.c">
      <Filter>ソース ファイル</Filter>
    </ClCompile>
    <ClCompile Include="samplerun.c">
      <Filter>ソース ファイル</Filter>
    </ClCompile>
    <ClCompile Include="stdbool.h.c">
      <Filter>ソース ファイル</Filter>
    </ClCompile>
    <ClCompile Include="iso646.h.c">
      <Filter>ソース ファイル</Filter>
    </ClCompile>
    <ClCompile Include="assert.h.c">
      <Filter>ソース ファイル</Filter>
    </ClCompile>
    <ClCompile Include="ctype.h.c">
      <Filter>ソース ファイル</Filter>
    </ClCompile>
    <ClCompile Include="errno.h.c">
      <Filter>ソース ファイル</Filter>
    </ClCompile>
  </ItemGroup>
</Project>